
Microsoft Visual Studio Solution File, Format Version 12.00
# Visual Studio 2013
VisualStudioVersion = 12.0.31101.0
MinimumVisualStudioVersion = 10.0.40219.1
Project("{8BC9CEB8-8B4A-11D0-8D11-00A0C91BC942}") = "Job_1_1", "Job_1_1\Job_1_1.vcxproj", "{A86DD057-05B1-4B8D-93C9-F8E1193FD9D1}"
EndProject
Project("{8BC9CEB8-8B4A-11D0-8D11-00A0C91BC942}") = "Job_1_2", "Job_1_2\Job_1_2.vcxproj", "{3EF0A29E-8707-4C6B-BED8-89C77B150D78}"
EndProject
Project("{8BC9CEB8-8B4A-11D0-8D11-00A0C91BC942}") = "Job_1_3", "Job_1_3\Job_1_3.vcxproj", "{25EFB10E-7FF9-46CD-8CCF-72ED8595C663}"
EndProject
Project("{8BC9CEB8-8B4A-11D0-8D11-00A0C91BC942}") = "Job_2", "Job_2\Job_2.vcxproj", "{D13156BE-5854-459D-8B94-9D8F5F12BD76}"
EndProject
Project("{8BC9CEB8-8B4A-11D0-8D11-00A0C91BC942}") = "Job_2_modified", "Job_2_modified\Job_2_modified.vcxproj", "{0EC404AA-BFCF-49E4-BE81-52013329841A}"
EndProject
Project("{8BC9CEB8-8B4A-11D0-8D11-00A0C91BC942}") = "Job_3", "Job3\Job3.vcxproj", "{B6CF2C9B-AE18-4DA1-AE77-2EC6A0A42E0E}"
EndProject
Project("{8BC9CEB8-8B4A-11D0-8D11-00A0C91BC942}") = "Job_3_leafy", "Job_3_leafy\Job_3_leafy.vcxproj", "{69901D34-45BF-4117-A17B-EAD8ED0DA359}"
EndProject
Project("{8BC9CEB8-8B4A-11D0-8D11-00A0C91BC942}") = "Job_4", "Job4\Job4.vcxproj", "{E8412FBF-06D0-4514-A784-98027772CC2F}"
EndProject
Project("{8BC9CEB8-8B4A-11D0-8D11-00A0C91BC942}") = "Job_5_BiT", "Job5_BiT\Job5_BiT.vcxproj", "{585E0A38-56BE-45A0-B31C-89A7A32A0CE5}"
EndProject
Project("{8BC9CEB8-8B4A-11D0-8D11-00A0C91BC942}") = "Job_0_Test1", "Job0_Test1\Job0_Test1.vcxproj", "{3A625297-C727-4E59-A4A6-E4C26EAD618D}"
EndProject
Project("{8BC9CEB8-8B4A-11D0-8D11-00A0C91BC942}") = "Job_6_G", "Job_6_G\Job_6_G.vcxproj", "{75841A5A-D168-4718-A900-6EF7615344C9}"
EndProject
Project("{8BC9CEB8-8B4A-11D0-8D11-00A0C91BC942}") = "Job_7_BST", "Job_7_BST\Job_7_BST.vcxproj", "{EAE67B47-146D-486C-AA25-EA8D0C4E43E5}"
EndProject
Project("{8BC9CEB8-8B4A-11D0-8D11-00A0C91BC942}") = "Job_8_SortBench", "Job_8_SortBench\Job_8_SortBench.vcxproj", "{3A4F644E-B584-4772-AB85-61EABB0AD810}"
EndProject
Project("{8BC9CEB8-8B4A-11D0-8D11-00A0C91BC942}") = "Job_9_HT", "Job_9_HT\Job_9_HT.vcxproj", "{65F5D409-D927-4817-BD1F-17A9B045E8E1}"
EndProject
Project("{8BC9CEB8-8B4A-11D0-8D11-00A0C91BC942}") = "Job_9_1_HTT", "Job_9_1_HTT\Job_9_1_HTT.vcxproj", "{D57E394B-B51E-420B-A4C6-72554665C1B0}"
EndProject
Project("{8BC9CEB8-8B4A-11D0-8D11-00A0C91BC942}") = "Job_10_WSV", "Job_10_WSV\Job_10_WSV.vcxproj", "{A0AE0979-8CA5-447A-9626-FD65C43E5A09}"
EndProject
Global
	GlobalSection(SolutionConfigurationPlatforms) = preSolution
		Debug|Win32 = Debug|Win32
		Release|Win32 = Release|Win32
	EndGlobalSection
	GlobalSection(ProjectConfigurationPlatforms) = postSolution
		{A86DD057-05B1-4B8D-93C9-F8E1193FD9D1}.Debug|Win32.ActiveCfg = Debug|Win32
		{A86DD057-05B1-4B8D-93C9-F8E1193FD9D1}.Debug|Win32.Build.0 = Debug|Win32
		{A86DD057-05B1-4B8D-93C9-F8E1193FD9D1}.Release|Win32.ActiveCfg = Release|Win32
		{A86DD057-05B1-4B8D-93C9-F8E1193FD9D1}.Release|Win32.Build.0 = Release|Win32
		{3EF0A29E-8707-4C6B-BED8-89C77B150D78}.Debug|Win32.ActiveCfg = Debug|Win32
		{3EF0A29E-8707-4C6B-BED8-89C77B150D78}.Debug|Win32.Build.0 = Debug|Win32
		{3EF0A29E-8707-4C6B-BED8-89C77B150D78}.Release|Win32.ActiveCfg = Release|Win32
		{3EF0A29E-8707-4C6B-BED8-89C77B150D78}.Release|Win32.Build.0 = Release|Win32
		{25EFB10E-7FF9-46CD-8CCF-72ED8595C663}.Debug|Win32.ActiveCfg = Debug|Win32
		{25EFB10E-7FF9-46CD-8CCF-72ED8595C663}.Debug|Win32.Build.0 = Debug|Win32
		{25EFB10E-7FF9-46CD-8CCF-72ED8595C663}.Release|Win32.ActiveCfg = Release|Win32
		{25EFB10E-7FF9-46CD-8CCF-72ED8595C663}.Release|Win32.Build.0 = Release|Win32
		{D13156BE-5854-459D-8B94-9D8F5F12BD76}.Debug|Win32.ActiveCfg = Debug|Win32
		{D13156BE-5854-459D-8B94-9D8F5F12BD76}.Debug|Win32.Build.0 = Debug|Win32
		{D13156BE-5854-459D-8B94-9D8F5F12BD76}.Release|Win32.ActiveCfg = Release|Win32
		{D13156BE-5854-459D-8B94-9D8F5F12BD76}.Release|Win32.Build.0 = Release|Win32
		{0EC404AA-BFCF-49E4-BE81-52013329841A}.Debug|Win32.ActiveCfg = Debug|Win32
		{0EC404AA-BFCF-49E4-BE81-52013329841A}.Debug|Win32.Build.0 = Debug|Win32
		{0EC404AA-BFCF-49E4-BE81-52013329841A}.Release|Win32.ActiveCfg = Release|Win32
		{0EC404AA-BFCF-49E4-BE81-52013329841A}.Release|Win32.Build.0 = Release|Win32
		{B6CF2C9B-AE18-4DA1-AE77-2EC6A0A42E0E}.Debug|Win32.ActiveCfg = Debug|Win32
		{B6CF2C9B-AE18-4DA1-AE77-2EC6A0A42E0E}.Debug|Win32.Build.0 = Debug|Win32
		{B6CF2C9B-AE18-4DA1-AE77-2EC6A0A42E0E}.Release|Win32.ActiveCfg = Release|Win32
		{B6CF2C9B-AE18-4DA1-AE77-2EC6A0A42E0E}.Release|Win32.Build.0 = Release|Win32
		{69901D34-45BF-4117-A17B-EAD8ED0DA359}.Debug|Win32.ActiveCfg = Debug|Win32
		{69901D34-45BF-4117-A17B-EAD8ED0DA359}.Debug|Win32.Build.0 = Debug|Win32
		{69901D34-45BF-4117-A17B-EAD8ED0DA359}.Release|Win32.ActiveCfg = Release|Win32
		{69901D34-45BF-4117-A17B-EAD8ED0DA359}.Release|Win32.Build.0 = Release|Win32
		{E8412FBF-06D0-4514-A784-98027772CC2F}.Debug|Win32.ActiveCfg = Debug|Win32
		{E8412FBF-06D0-4514-A784-98027772CC2F}.Debug|Win32.Build.0 = Debug|Win32
		{E8412FBF-06D0-4514-A784-98027772CC2F}.Release|Win32.ActiveCfg = Release|Win32
		{E8412FBF-06D0-4514-A784-98027772CC2F}.Release|Win32.Build.0 = Release|Win32
		{585E0A38-56BE-45A0-B31C-89A7A32A0CE5}.Debug|Win32.ActiveCfg = Debug|Win32
		{585E0A38-56BE-45A0-B31C-89A7A32A0CE5}.Debug|Win32.Build.0 = Debug|Win32
		{585E0A38-56BE-45A0-B31C-89A7A32A0CE5}.Release|Win32.ActiveCfg = Release|Win32
		{585E0A38-56BE-45A0-B31C-89A7A32A0CE5}.Release|Win32.Build.0 = Release|Win32
		{3A625297-C727-4E59-A4A6-E4C26EAD618D}.Debug|Win32.ActiveCfg = Debug|Win32
		{3A625297-C727-4E59-A4A6-E4C26EAD618D}.Debug|Win32.Build.0 = Debug|Win32
		{3A625297-C727-4E59-A4A6-E4C26EAD618D}.Release|Win32.ActiveCfg = Release|Win32
		{3A625297-C727-4E59-A4A6-E4C26EAD618D}.Release|Win32.Build.0 = Release|Win32
		{75841A5A-D168-4718-A900-6EF7615344C9}.Debug|Win32.ActiveCfg = Debug|Win32
		{75841A5A-D168-4718-A900-6EF7615344C9}.Debug|Win32.Build.0 = Debug|Win32
		{75841A5A-D168-4718-A900-6EF7615344C9}.Release|Win32.ActiveCfg = Release|Win32
		{75841A5A-D168-4718-A900-6EF7615344C9}.Release|Win32.Build.0 = Release|Win32
		{EAE67B47-146D-486C-AA25-EA8D0C4E43E5}.Debug|Win32.ActiveCfg = Debug|Win32
		{EAE67B47-146D-486C-AA25-EA8D0C4E43E5}.Debug|Win32.Build.0 = Debug|Win32
		{EAE67B47-146D-486C-AA25-EA8D0C4E43E5}.Release|Win32.ActiveCfg = Release|Win32
		{EAE67B47-146D-486C-AA25-EA8D0C4E43E5}.Release|Win32.Build.0 = Release|Win32
		{3A4F644E-B584-4772-AB85-61EABB0AD810}.Debug|Win32.ActiveCfg = Debug|Win32
		{3A4F644E-B584-4772-AB85-61EABB0AD810}.Debug|Win32.Build.0 = Debug|Win32
		{3A4F644E-B584-4772-AB85-61EABB0AD810}.Release|Win32.ActiveCfg = Release|Win32
		{3A4F644E-B584-4772-AB85-61EABB0AD810}.Release|Win32.Build.0 = Release|Win32
		{65F5D409-D927-4817-BD1F-17A9B045E8E1}.Debug|Win32.ActiveCfg = Debug|Win32
		{65F5D409-D927-4817-BD1F-17A9B045E8E1}.Debug|Win32.Build.0 = Debug|Win32
		{65F5D409-D927-4817-BD1F-17A9B045E8E1}.Release|Win32.ActiveCfg = Release|Win32
		{65F5D409-D927-4817-BD1F-17A9B045E8E1}.Release|Win32.Build.0 = Release|Win32
		{D57E394B-B51E-420B-A4C6-72554665C1B0}.Debug|Win32.ActiveCfg = Debug|Win32
		{D57E394B-B51E-420B-A4C6-72554665C1B0}.Debug|Win32.Build.0 = Debug|Win32
		{D57E394B-B51E-420B-A4C6-72554665C1B0}.Release|Win32.ActiveCfg = Release|Win32
		{D57E394B-B51E-420B-A4C6-72554665C1B0}.Release|Win32.Build.0 = Release|Win32
		{A0AE0979-8CA5-447A-9626-FD65C43E5A09}.Debug|Win32.ActiveCfg = Debug|Win32
		{A0AE0979-8CA5-447A-9626-FD65C43E5A09}.Debug|Win32.Build.0 = Debug|Win32
		{A0AE0979-8CA5-447A-9626-FD65C43E5A09}.Release|Win32.ActiveCfg = Release|Win32
		{A0AE0979-8CA5-447A-9626-FD65C43E5A09}.Release|Win32.Build.0 = Release|Win32
	EndGlobalSection
	GlobalSection(SolutionProperties) = preSolution
		HideSolutionNode = FALSE
	EndGlobalSection
EndGlobal
